{
  "name": "pex-color",
  "version": "2.2.0",
  "lockfileVersion": 2,
  "requires": true,
  "packages": {
    "": {
      "name": "pex-color",
      "version": "2.2.0",
      "license": "MIT",
      "devDependencies": {
        "colorjs.io": "github:color-js/color.js"
      },
      "engines": {
        "node": ">=22.0.0",
        "npm": ">=10.5.1",
        "snowdev": ">=2.2.x"
      }
    },
    "node_modules/colorjs.io": {
      "version": "0.5.0",
      "resolved": "git+ssh://git@github.com/color-js/color.js.git#40e7a059c639bafde14504627e62791588c63100",
      "dev": true,
      "license": "MIT"
    }
  },
  "dependencies": {
    "colorjs.io": {
      "version": "git+ssh://git@github.com/color-js/color.js.git#40e7a059c639bafde14504627e62791588c63100",
      "dev": true,
      "from": "colorjs.io@github:color-js/color.js"
    }
  }
}
